// !$*UTF8*$!
{
	archiveVersion = 1;
	classes = {
	};
	objectVersion = 46;
	objects = {

/* Begin PBXBuildFile section */
		78A3F9DF1A6757A0005CFD95 /* main.m in Sources */ = {isa = PBXBuildFile; fileRef = 78A3F9DE1A6757A0005CFD95 /* main.m */; };
		78A3F9E21A6757A0005CFD95 /* AppDelegate.m in Sources */ = {isa = PBXBuildFile; fileRef = 78A3F9E11A6757A0005CFD95 /* AppDelegate.m */; };
		78A3F9E51A6757A0005CFD95 /* SejongCityGuide.xcdatamodeld in Sources */ = {isa = PBXBuildFile; fileRef = 78A3F9E31A6757A0005CFD95 /* SejongCityGuide.xcdatamodeld */; };
		78A3F9EB1A6757A0005CFD95 /* Main.storyboard in Resources */ = {isa = PBXBuildFile; fileRef = 78A3F9E91A6757A0005CFD95 /* Main.storyboard */; };
		78A3F9F01A6757A0005CFD95 /* LaunchScreen.xib in Resources */ = {isa = PBXBuildFile; fileRef = 78A3F9EE1A6757A0005CFD95 /* LaunchScreen.xib */; };
		78A3F9FC1A6757A0005CFD95 /* SejongCityGuideTests.m in Sources */ = {isa = PBXBuildFile; fileRef = 78A3F9FB1A6757A0005CFD95 /* SejongCityGuideTests.m */; };
		ABD53DE91A765357009CF8DC /* MyViewController.m in Sources */ = {isa = PBXBuildFile; fileRef = ABD53DE41A765357009CF8DC /* MyViewController.m */; };
		ABD53DEA1A765357009CF8DC /* PhoneContentController.m in Sources */ = {isa = PBXBuildFile; fileRef = ABD53DE61A765357009CF8DC /* PhoneContentController.m */; };
		ABD53DEB1A765357009CF8DC /* RootViewController.m in Sources */ = {isa = PBXBuildFile; fileRef = ABD53DE81A765357009CF8DC /* RootViewController.m */; };
		ABD53DEE1A7653F2009CF8DC /* ContentController.m in Sources */ = {isa = PBXBuildFile; fileRef = ABD53DED1A7653F2009CF8DC /* ContentController.m */; };
		ABD53DF11A76547A009CF8DC /* MainWindow.xib in Resources */ = {isa = PBXBuildFile; fileRef = ABD53DEF1A76547A009CF8DC /* MainWindow.xib */; };
		ABD53DF21A76547A009CF8DC /* MyView.xib in Resources */ = {isa = PBXBuildFile; fileRef = ABD53DF01A76547A009CF8DC /* MyView.xib */; };
		ABD53DF41A76548F009CF8DC /* PhoneContent.xib in Resources */ = {isa = PBXBuildFile; fileRef = ABD53DF31A76548F009CF8DC /* PhoneContent.xib */; };
		ABD53DF61A7654B0009CF8DC /* content_iPhone.plist in Resources */ = {isa = PBXBuildFile; fileRef = ABD53DF51A7654B0009CF8DC /* content_iPhone.plist */; };
		ABD53DF81A765687009CF8DC /* Images.xcassets in Resources */ = {isa = PBXBuildFile; fileRef = ABD53DF71A765687009CF8DC /* Images.xcassets */; };
		ABE7BD861A79C9CD00FCC56F /* CommuteSejong.m in Sources */ = {isa = PBXBuildFile; fileRef = ABE7BD851A79C9CD00FCC56F /* CommuteSejong.m */; };
		ABE7BD891A7A20B300FCC56F /* taxiViewController.m in Sources */ = {isa = PBXBuildFile; fileRef = ABE7BD881A7A20B300FCC56F /* taxiViewController.m */; };
		ABE7BD8C1A7A5DA000FCC56F /* officeCommuePdf.m in Sources */ = {isa = PBXBuildFile; fileRef = ABE7BD8B1A7A5DA000FCC56F /* officeCommuePdf.m */; };
		ABF5B1F51A76628D00935FD1 /* MainController.m in Sources */ = {isa = PBXBuildFile; fileRef = ABF5B1F41A76628D00935FD1 /* MainController.m */; };
		ABF5B1F81A76947100935FD1 /* PDFView.m in Sources */ = {isa = PBXBuildFile; fileRef = ABF5B1F71A76947100935FD1 /* PDFView.m */; };
/* End PBXBuildFile section */

/* Begin PBXContainerItemProxy section */
		78A3F9F61A6757A0005CFD95 /* PBXContainerItemProxy */ = {
			isa = PBXContainerItemProxy;
			containerPortal = 78A3F9D11A6757A0005CFD95 /* Project object */;
			proxyType = 1;
			remoteGlobalIDString = 78A3F9D81A6757A0005CFD95;
			remoteInfo = SejongCityGuide;
		};
/* End PBXContainerItemProxy section */

/* Begin PBXFileReference section */
		78A3F9D91A6757A0005CFD95 /* SejongCityGuide.app */ = {isa = PBXFileReference; explicitFileType = wrapper.application; includeInIndex = 0; path = SejongCityGuide.app; sourceTree = BUILT_PRODUCTS_DIR; };
		78A3F9DD1A6757A0005CFD95 /* Info.plist */ = {isa = PBXFileReference; lastKnownFileType = text.plist.xml; path = Info.plist; sourceTree = "<group>"; };
		78A3F9DE1A6757A0005CFD95 /* main.m */ = {isa = PBXFileReference; lastKnownFileType = sourcecode.c.objc; path = main.m; sourceTree = "<group>"; };
		78A3F9E01A6757A0005CFD95 /* AppDelegate.h */ = {isa = PBXFileReference; lastKnownFileType = sourcecode.c.h; path = AppDelegate.h; sourceTree = "<group>"; };
		78A3F9E11A6757A0005CFD95 /* AppDelegate.m */ = {isa = PBXFileReference; lastKnownFileType = sourcecode.c.objc; path = AppDelegate.m; sourceTree = "<group>"; };
		78A3F9E41A6757A0005CFD95 /* SejongCityGuide.xcdatamodel */ = {isa = PBXFileReference; lastKnownFileType = wrapper.xcdatamodel; path = SejongCityGuide.xcdatamodel; sourceTree = "<group>"; };
		78A3F9EA1A6757A0005CFD95 /* Base */ = {isa = PBXFileReference; lastKnownFileType = file.storyboard; name = Base; path = Base.lproj/Main.storyboard; sourceTree = "<group>"; };
		78A3F9EF1A6757A0005CFD95 /* Base */ = {isa = PBXFileReference; lastKnownFileType = file.xib; name = Base; path = Base.lproj/LaunchScreen.xib; sourceTree = "<group>"; };
		78A3F9F51A6757A0005CFD95 /* SejongCityGuideTests.xctest */ = {isa = PBXFileReference; explicitFileType = wrapper.cfbundle; includeInIndex = 0; path = SejongCityGuideTests.xctest; sourceTree = BUILT_PRODUCTS_DIR; };
		78A3F9FA1A6757A0005CFD95 /* Info.plist */ = {isa = PBXFileReference; lastKnownFileType = text.plist.xml; path = Info.plist; sourceTree = "<group>"; };
		78A3F9FB1A6757A0005CFD95 /* SejongCityGuideTests.m */ = {isa = PBXFileReference; lastKnownFileType = sourcecode.c.objc; path = SejongCityGuideTests.m; sourceTree = "<group>"; };
		ABD53DE31A765357009CF8DC /* MyViewController.h */ = {isa = PBXFileReference; fileEncoding = 4; lastKnownFileType = sourcecode.c.h; path = MyViewController.h; sourceTree = "<group>"; };
		ABD53DE41A765357009CF8DC /* MyViewController.m */ = {isa = PBXFileReference; fileEncoding = 4; lastKnownFileType = sourcecode.c.objc; path = MyViewController.m; sourceTree = "<group>"; };
		ABD53DE51A765357009CF8DC /* PhoneContentController.h */ = {isa = PBXFileReference; fileEncoding = 4; lastKnownFileType = sourcecode.c.h; path = PhoneContentController.h; sourceTree = "<group>"; };
		ABD53DE61A765357009CF8DC /* PhoneContentController.m */ = {isa = PBXFileReference; fileEncoding = 4; lastKnownFileType = sourcecode.c.objc; path = PhoneContentController.m; sourceTree = "<group>"; };
		ABD53DE71A765357009CF8DC /* RootViewController.h */ = {isa = PBXFileReference; fileEncoding = 4; lastKnownFileType = sourcecode.c.h; path = RootViewController.h; sourceTree = "<group>"; };
		ABD53DE81A765357009CF8DC /* RootViewController.m */ = {isa = PBXFileReference; fileEncoding = 4; lastKnownFileType = sourcecode.c.objc; path = RootViewController.m; sourceTree = "<group>"; };
		ABD53DEC1A7653DE009CF8DC /* ContentController.h */ = {isa = PBXFileReference; fileEncoding = 4; lastKnownFileType = sourcecode.c.h; path = ContentController.h; sourceTree = "<group>"; };
		ABD53DED1A7653F2009CF8DC /* ContentController.m */ = {isa = PBXFileReference; fileEncoding = 4; lastKnownFileType = sourcecode.c.objc; path = ContentController.m; sourceTree = "<group>"; };
		ABD53DEF1A76547A009CF8DC /* MainWindow.xib */ = {isa = PBXFileReference; fileEncoding = 4; lastKnownFileType = file.xib; path = MainWindow.xib; sourceTree = "<group>"; };
		ABD53DF01A76547A009CF8DC /* MyView.xib */ = {isa = PBXFileReference; fileEncoding = 4; lastKnownFileType = file.xib; path = MyView.xib; sourceTree = "<group>"; };
		ABD53DF31A76548F009CF8DC /* PhoneContent.xib */ = {isa = PBXFileReference; fileEncoding = 4; lastKnownFileType = file.xib; path = PhoneContent.xib; sourceTree = "<group>"; };
		ABD53DF51A7654B0009CF8DC /* content_iPhone.plist */ = {isa = PBXFileReference; fileEncoding = 4; lastKnownFileType = text.plist.xml; path = content_iPhone.plist; sourceTree = "<group>"; };
		ABD53DF71A765687009CF8DC /* Images.xcassets */ = {isa = PBXFileReference; lastKnownFileType = folder.assetcatalog; path = Images.xcassets; sourceTree = "<group>"; };
		ABE7BD841A79C9CD00FCC56F /* CommuteSejong.h */ = {isa = PBXFileReference; fileEncoding = 4; lastKnownFileType = sourcecode.c.h; path = CommuteSejong.h; sourceTree = "<group>"; };
		ABE7BD851A79C9CD00FCC56F /* CommuteSejong.m */ = {isa = PBXFileReference; fileEncoding = 4; lastKnownFileType = sourcecode.c.objc; path = CommuteSejong.m; sourceTree = "<group>"; };
		ABE7BD871A7A20B300FCC56F /* taxiViewController.h */ = {isa = PBXFileReference; fileEncoding = 4; lastKnownFileType = sourcecode.c.h; path = taxiViewController.h; sourceTree = "<group>"; };
		ABE7BD881A7A20B300FCC56F /* taxiViewController.m */ = {isa = PBXFileReference; fileEncoding = 4; lastKnownFileType = sourcecode.c.objc; path = taxiViewController.m; sourceTree = "<group>"; };
		ABE7BD8A1A7A5DA000FCC56F /* officeCommuePdf.h */ = {isa = PBXFileReference; fileEncoding = 4; lastKnownFileType = sourcecode.c.h; path = officeCommuePdf.h; sourceTree = "<group>"; };
		ABE7BD8B1A7A5DA000FCC56F /* officeCommuePdf.m */ = {isa = PBXFileReference; fileEncoding = 4; lastKnownFileType = sourcecode.c.objc; path = officeCommuePdf.m; sourceTree = "<group>"; };
		ABF5B1F31A76628D00935FD1 /* MainController.h */ = {isa = PBXFileReference; fileEncoding = 4; lastKnownFileType = sourcecode.c.h; path = MainController.h; sourceTree = "<group>"; };
		ABF5B1F41A76628D00935FD1 /* MainController.m */ = {isa = PBXFileReference; fileEncoding = 4; lastKnownFileType = sourcecode.c.objc; path = MainController.m; sourceTree = "<group>"; };
		ABF5B1F61A76947100935FD1 /* PDFView.h */ = {isa = PBXFileReference; fileEncoding = 4; lastKnownFileType = sourcecode.c.h; path = PDFView.h; sourceTree = "<group>"; };
		ABF5B1F71A76947100935FD1 /* PDFView.m */ = {isa = PBXFileReference; fileEncoding = 4; lastKnownFileType = sourcecode.c.objc; path = PDFView.m; sourceTree = "<group>"; };
/* End PBXFileReference section */

/* Begin PBXFrameworksBuildPhase section */
		78A3F9D61A6757A0005CFD95 /* Frameworks */ = {
			isa = PBXFrameworksBuildPhase;
			buildActionMask = 2147483647;
			files = (
			);
			runOnlyForDeploymentPostprocessing = 0;
		};
		78A3F9F21A6757A0005CFD95 /* Frameworks */ = {
			isa = PBXFrameworksBuildPhase;
			buildActionMask = 2147483647;
			files = (
			);
			runOnlyForDeploymentPostprocessing = 0;
		};
/* End PBXFrameworksBuildPhase section */

/* Begin PBXGroup section */
		78A3F9D01A6757A0005CFD95 = {
			isa = PBXGroup;
			children = (
				78A3F9DB1A6757A0005CFD95 /* SejongCityGuide */,
				78D8DBB31A708B8100D4EC25 /* Resource */,
				78A3F9F81A6757A0005CFD95 /* SejongCityGuideTests */,
				78A3F9DA1A6757A0005CFD95 /* Products */,
			);
			sourceTree = "<group>";
		};
		78A3F9DA1A6757A0005CFD95 /* Products */ = {
			isa = PBXGroup;
			children = (
				78A3F9D91A6757A0005CFD95 /* SejongCityGuide.app */,
				78A3F9F51A6757A0005CFD95 /* SejongCityGuideTests.xctest */,
			);
			name = Products;
			sourceTree = "<group>";
		};
		78A3F9DB1A6757A0005CFD95 /* SejongCityGuide */ = {
			isa = PBXGroup;
			children = (
				78D8DBBD1A708BF000D4EC25 /* Common */,
				78D8DBD11A70972600D4EC25 /* TrafficInfo */,
				78D8DBD21A70973900D4EC25 /* CommuteInfo */,
				78D8DBD61A7097A000D4EC25 /* Utils */,
				78D8DBD31A70974700D4EC25 /* OfficeInfo */,
				78D8DBD41A70978400D4EC25 /* LifeInfo */,
				78D8DBD51A70979000D4EC25 /* NoticeInfo */,
				78A3F9E91A6757A0005CFD95 /* Main.storyboard */,
				ABF5B1F31A76628D00935FD1 /* MainController.h */,
				ABF5B1F41A76628D00935FD1 /* MainController.m */,
				78A3F9E01A6757A0005CFD95 /* AppDelegate.h */,
				78A3F9E11A6757A0005CFD95 /* AppDelegate.m */,
				ABD53DF71A765687009CF8DC /* Images.xcassets */,
				78A3F9EE1A6757A0005CFD95 /* LaunchScreen.xib */,
				78A3F9E31A6757A0005CFD95 /* SejongCityGuide.xcdatamodeld */,
				78A3F9DC1A6757A0005CFD95 /* Supporting Files */,
			);
			path = SejongCityGuide;
			sourceTree = "<group>";
		};
		78A3F9DC1A6757A0005CFD95 /* Supporting Files */ = {
			isa = PBXGroup;
			children = (
				78A3F9DD1A6757A0005CFD95 /* Info.plist */,
				78A3F9DE1A6757A0005CFD95 /* main.m */,
			);
			name = "Supporting Files";
			sourceTree = "<group>";
		};
		78A3F9F81A6757A0005CFD95 /* SejongCityGuideTests */ = {
			isa = PBXGroup;
			children = (
				78A3F9FB1A6757A0005CFD95 /* SejongCityGuideTests.m */,
				78A3F9F91A6757A0005CFD95 /* Supporting Files */,
			);
			path = SejongCityGuideTests;
			sourceTree = "<group>";
		};
		78A3F9F91A6757A0005CFD95 /* Supporting Files */ = {
			isa = PBXGroup;
			children = (
				78A3F9FA1A6757A0005CFD95 /* Info.plist */,
			);
			name = "Supporting Files";
			sourceTree = "<group>";
		};
		78D8DBB31A708B8100D4EC25 /* Resource */ = {
			isa = PBXGroup;
			children = (
				ABD53DF51A7654B0009CF8DC /* content_iPhone.plist */,
				ABD53DF31A76548F009CF8DC /* PhoneContent.xib */,
				ABD53DEF1A76547A009CF8DC /* MainWindow.xib */,
				ABD53DF01A76547A009CF8DC /* MyView.xib */,
			);
			name = Resource;
			path = SejongCityGuide;
			sourceTree = "<group>";
		};
		78D8DBBD1A708BF000D4EC25 /* Common */ = {
			isa = PBXGroup;
			children = (
				ABD53DE31A765357009CF8DC /* MyViewController.h */,
				ABD53DE41A765357009CF8DC /* MyViewController.m */,
				ABD53DE51A765357009CF8DC /* PhoneContentController.h */,
				ABD53DEC1A7653DE009CF8DC /* ContentController.h */,
				ABD53DED1A7653F2009CF8DC /* ContentController.m */,
				ABD53DE61A765357009CF8DC /* PhoneContentController.m */,
				ABD53DE71A765357009CF8DC /* RootViewController.h */,
				ABD53DE81A765357009CF8DC /* RootViewController.m */,
			);
			name = Common;
			sourceTree = "<group>";
		};
		78D8DBD11A70972600D4EC25 /* TrafficInfo */ = {
			isa = PBXGroup;
			children = (
				ABE7BD871A7A20B300FCC56F /* taxiViewController.h */,
				ABE7BD881A7A20B300FCC56F /* taxiViewController.m */,
			);
			name = TrafficInfo;
			sourceTree = "<group>";
		};
		78D8DBD21A70973900D4EC25 /* CommuteInfo */ = {
			isa = PBXGroup;
			children = (
				ABF5B1F61A76947100935FD1 /* PDFView.h */,
				ABF5B1F71A76947100935FD1 /* PDFView.m */,
				ABE7BD841A79C9CD00FCC56F /* CommuteSejong.h */,
				ABE7BD851A79C9CD00FCC56F /* CommuteSejong.m */,
			);
			name = CommuteInfo;
			sourceTree = "<group>";
		};
		78D8DBD31A70974700D4EC25 /* OfficeInfo */ = {
			isa = PBXGroup;
			children = (
				ABE7BD8A1A7A5DA000FCC56F /* officeCommuePdf.h */,
				ABE7BD8B1A7A5DA000FCC56F /* officeCommuePdf.m */,
			);
			name = OfficeInfo;
			sourceTree = "<group>";
		};
		78D8DBD41A70978400D4EC25 /* LifeInfo */ = {
			isa = PBXGroup;
			children = (
			);
			name = LifeInfo;
			sourceTree = "<group>";
		};
		78D8DBD51A70979000D4EC25 /* NoticeInfo */ = {
			isa = PBXGroup;
			children = (
			);
			name = NoticeInfo;
			sourceTree = "<group>";
		};
		78D8DBD61A7097A000D4EC25 /* Utils */ = {
			isa = PBXGroup;
			children = (
			);
			name = Utils;
			sourceTree = "<group>";
		};
/* End PBXGroup section */

/* Begin PBXNativeTarget section */
		78A3F9D81A6757A0005CFD95 /* SejongCityGuide */ = {
			isa = PBXNativeTarget;
			buildConfigurationList = 78A3F9FF1A6757A0005CFD95 /* Build configuration list for PBXNativeTarget "SejongCityGuide" */;
			buildPhases = (
				78A3F9D51A6757A0005CFD95 /* Sources */,
				78A3F9D61A6757A0005CFD95 /* Frameworks */,
				78A3F9D71A6757A0005CFD95 /* Resources */,
			);
			buildRules = (
			);
			dependencies = (
			);
			name = SejongCityGuide;
			productName = SejongCityGuide;
			productReference = 78A3F9D91A6757A0005CFD95 /* SejongCityGuide.app */;
			productType = "com.apple.product-type.application";
		};
		78A3F9F41A6757A0005CFD95 /* SejongCityGuideTests */ = {
			isa = PBXNativeTarget;
			buildConfigurationList = 78A3FA021A6757A0005CFD95 /* Build configuration list for PBXNativeTarget "SejongCityGuideTests" */;
			buildPhases = (
				78A3F9F11A6757A0005CFD95 /* Sources */,
				78A3F9F21A6757A0005CFD95 /* Frameworks */,
				78A3F9F31A6757A0005CFD95 /* Resources */,
			);
			buildRules = (
			);
			dependencies = (
				78A3F9F71A6757A0005CFD95 /* PBXTargetDependency */,
			);
			name = SejongCityGuideTests;
			productName = SejongCityGuideTests;
			productReference = 78A3F9F51A6757A0005CFD95 /* SejongCityGuideTests.xctest */;
			productType = "com.apple.product-type.bundle.unit-test";
		};
/* End PBXNativeTarget section */

/* Begin PBXProject section */
		78A3F9D11A6757A0005CFD95 /* Project object */ = {
			isa = PBXProject;
			attributes = {
				LastUpgradeCheck = 0610;
				ORGANIZATIONNAME = A2M;
				TargetAttributes = {
					78A3F9D81A6757A0005CFD95 = {
						CreatedOnToolsVersion = 6.1.1;
						DevelopmentTeam = WXDPHNPDPE;
					};
					78A3F9F41A6757A0005CFD95 = {
						CreatedOnToolsVersion = 6.1.1;
						TestTargetID = 78A3F9D81A6757A0005CFD95;
					};
				};
			};
			buildConfigurationList = 78A3F9D41A6757A0005CFD95 /* Build configuration list for PBXProject "SejongCityGuide" */;
			compatibilityVersion = "Xcode 3.2";
			developmentRegion = English;
			hasScannedForEncodings = 0;
			knownRegions = (
				en,
				Base,
			);
			mainGroup = 78A3F9D01A6757A0005CFD95;
			productRefGroup = 78A3F9DA1A6757A0005CFD95 /* Products */;
			projectDirPath = "";
			projectRoot = "";
			targets = (
				78A3F9D81A6757A0005CFD95 /* SejongCityGuide */,
				78A3F9F41A6757A0005CFD95 /* SejongCityGuideTests */,
			);
		};
/* End PBXProject section */

/* Begin PBXResourcesBuildPhase section */
		78A3F9D71A6757A0005CFD95 /* Resources */ = {
			isa = PBXResourcesBuildPhase;
			buildActionMask = 2147483647;
			files = (
				ABD53DF61A7654B0009CF8DC /* content_iPhone.plist in Resources */,
				ABD53DF81A765687009CF8DC /* Images.xcassets in Resources */,
				ABD53DF41A76548F009CF8DC /* PhoneContent.xib in Resources */,
				ABD53DF11A76547A009CF8DC /* MainWindow.xib in Resources */,
				78A3F9EB1A6757A0005CFD95 /* Main.storyboard in Resources */,
				ABD53DF21A76547A009CF8DC /* MyView.xib in Resources */,
				78A3F9F01A6757A0005CFD95 /* LaunchScreen.xib in Resources */,
			);
			runOnlyForDeploymentPostprocessing = 0;
		};
		78A3F9F31A6757A0005CFD95 /* Resources */ = {
			isa = PBXResourcesBuildPhase;
			buildActionMask = 2147483647;
			files = (
			);
			runOnlyForDeploymentPostprocessing = 0;
		};
/* End PBXResourcesBuildPhase section */

/* Begin PBXSourcesBuildPhase section */
		78A3F9D51A6757A0005CFD95 /* Sources */ = {
			isa = PBXSourcesBuildPhase;
			buildActionMask = 2147483647;
			files = (
				ABE7BD8C1A7A5DA000FCC56F /* officeCommuePdf.m in Sources */,
				ABE7BD861A79C9CD00FCC56F /* CommuteSejong.m in Sources */,
				78A3F9E51A6757A0005CFD95 /* SejongCityGuide.xcdatamodeld in Sources */,
				ABF5B1F81A76947100935FD1 /* PDFView.m in Sources */,
				ABD53DEE1A7653F2009CF8DC /* ContentController.m in Sources */,
				78A3F9E21A6757A0005CFD95 /* AppDelegate.m in Sources */,
				ABD53DEA1A765357009CF8DC /* PhoneContentController.m in Sources */,
				ABF5B1F51A76628D00935FD1 /* MainController.m in Sources */,
				ABE7BD891A7A20B300FCC56F /* taxiViewController.m in Sources */,
				ABD53DE91A765357009CF8DC /* MyViewController.m in Sources */,
				ABD53DEB1A765357009CF8DC /* RootViewController.m in Sources */,
				78A3F9DF1A6757A0005CFD95 /* main.m in Sources */,
			);
			runOnlyForDeploymentPostprocessing = 0;
		};
		78A3F9F11A6757A0005CFD95 /* Sources */ = {
			isa = PBXSourcesBuildPhase;
			buildActionMask = 2147483647;
			files = (
				78A3F9FC1A6757A0005CFD95 /* SejongCityGuideTests.m in Sources */,
			);
			runOnlyForDeploymentPostprocessing = 0;
		};
/* End PBXSourcesBuildPhase section */

/* Begin PBXTargetDependency section */
		78A3F9F71A6757A0005CFD95 /* PBXTargetDependency */ = {
			isa = PBXTargetDependency;
			target = 78A3F9D81A6757A0005CFD95 /* SejongCityGuide */;
			targetProxy = 78A3F9F61A6757A0005CFD95 /* PBXContainerItemProxy */;
		};
/* End PBXTargetDependency section */

/* Begin PBXVariantGroup section */
		78A3F9E91A6757A0005CFD95 /* Main.storyboard */ = {
			isa = PBXVariantGroup;
			children = (
				78A3F9EA1A6757A0005CFD95 /* Base */,
			);
			name = Main.storyboard;
			sourceTree = "<group>";
		};
		78A3F9EE1A6757A0005CFD95 /* LaunchScreen.xib */ = {
			isa = PBXVariantGroup;
			children = (
				78A3F9EF1A6757A0005CFD95 /* Base */,
			);
			name = LaunchScreen.xib;
			sourceTree = "<group>";
		};
/* End PBXVariantGroup section */

/* Begin XCBuildConfiguration section */
		78A3F9FD1A6757A0005CFD95 /* Debug */ = {
			isa = XCBuildConfiguration;
			buildSettings = {
				ALWAYS_SEARCH_USER_PATHS = NO;
				CLANG_CXX_LANGUAGE_STANDARD = "gnu++0x";
				CLANG_CXX_LIBRARY = "libc++";
				CLANG_ENABLE_MODULES = YES;
				CLANG_ENABLE_OBJC_ARC = YES;
				CLANG_WARN_BOOL_CONVERSION = YES;
				CLANG_WARN_CONSTANT_CONVERSION = YES;
				CLANG_WARN_DIRECT_OBJC_ISA_USAGE = YES_ERROR;
				CLANG_WARN_EMPTY_BODY = YES;
				CLANG_WARN_ENUM_CONVERSION = YES;
				CLANG_WARN_INT_CONVERSION = YES;
				CLANG_WARN_OBJC_ROOT_CLASS = YES_ERROR;
				CLANG_WARN_UNREACHABLE_CODE = YES;
				CLANG_WARN__DUPLICATE_METHOD_MATCH = YES;
				"CODE_SIGN_IDENTITY[sdk=iphoneos*]" = "iPhone Developer";
				COPY_PHASE_STRIP = NO;
				ENABLE_STRICT_OBJC_MSGSEND = YES;
				GCC_C_LANGUAGE_STANDARD = gnu99;
				GCC_DYNAMIC_NO_PIC = NO;
				GCC_OPTIMIZATION_LEVEL = 0;
				GCC_PREPROCESSOR_DEFINITIONS = (
					"DEBUG=1",
					"$(inherited)",
				);
				GCC_SYMBOLS_PRIVATE_EXTERN = NO;
				GCC_WARN_64_TO_32_BIT_CONVERSION = YES;
				GCC_WARN_ABOUT_RETURN_TYPE = YES_ERROR;
				GCC_WARN_UNDECLARED_SELECTOR = YES;
				GCC_WARN_UNINITIALIZED_AUTOS = YES_AGGRESSIVE;
				GCC_WARN_UNUSED_FUNCTION = YES;
				GCC_WARN_UNUSED_VARIABLE = YES;
				IPHONEOS_DEPLOYMENT_TARGET = 8.1;
				MTL_ENABLE_DEBUG_INFO = YES;
				ONLY_ACTIVE_ARCH = YES;
				SDKROOT = iphoneos;
			};
			name = Debug;
		};
		78A3F9FE1A6757A0005CFD95 /* Release */ = {
			isa = XCBuildConfiguration;
			buildSettings = {
				ALWAYS_SEARCH_USER_PATHS = NO;
				CLANG_CXX_LANGUAGE_STANDARD = "gnu++0x";
				CLANG_CXX_LIBRARY = "libc++";
				CLANG_ENABLE_MODULES = YES;
				CLANG_ENABLE_OBJC_ARC = YES;
				CLANG_WARN_BOOL_CONVERSION = YES;
				CLANG_WARN_CONSTANT_CONVERSION = YES;
				CLANG_WARN_DIRECT_OBJC_ISA_USAGE = YES_ERROR;
				CLANG_WARN_EMPTY_BODY = YES;
				CLANG_WARN_ENUM_CONVERSION = YES;
				CLANG_WARN_INT_CONVERSION = YES;
				CLANG_WARN_OBJC_ROOT_CLASS = YES_ERROR;
				CLANG_WARN_UNREACHABLE_CODE = YES;
				CLANG_WARN__DUPLICATE_METHOD_MATCH = YES;
				"CODE_SIGN_IDENTITY[sdk=iphoneos*]" = "iPhone Developer";
				COPY_PHASE_STRIP = YES;
				ENABLE_NS_ASSERTIONS = NO;
				ENABLE_STRICT_OBJC_MSGSEND = YES;
				GCC_C_LANGUAGE_STANDARD = gnu99;
				GCC_WARN_64_TO_32_BIT_CONVERSION = YES;
				GCC_WARN_ABOUT_RETURN_TYPE = YES_ERROR;
				GCC_WARN_UNDECLARED_SELECTOR = YES;
				GCC_WARN_UNINITIALIZED_AUTOS = YES_AGGRESSIVE;
				GCC_WARN_UNUSED_FUNCTION = YES;
				GCC_WARN_UNUSED_VARIABLE = YES;
				IPHONEOS_DEPLOYMENT_TARGET = 8.1;
				MTL_ENABLE_DEBUG_INFO = NO;
				SDKROOT = iphoneos;
				VALIDATE_PRODUCT = YES;
			};
			name = Release;
		};
		78A3FA001A6757A0005CFD95 /* Debug */ = {
			isa = XCBuildConfiguration;
			buildSettings = {
				ASSETCATALOG_COMPILER_APPICON_NAME = AppIcon;
				CODE_SIGN_IDENTITY = "iPhone Developer";
				"CODE_SIGN_IDENTITY[sdk=iphoneos*]" = "iPhone Developer";
				INFOPLIST_FILE = SejongCityGuide/Info.plist;
				LD_RUNPATH_SEARCH_PATHS = "$(inherited) @executable_path/Frameworks";
				ONLY_ACTIVE_ARCH = YES;
				PRODUCT_NAME = "$(TARGET_NAME)";
				PROVISIONING_PROFILE = "";
			};
			name = Debug;
		};
		78A3FA011A6757A0005CFD95 /* Release */ = {
			isa = XCBuildConfiguration;
			buildSettings = {
				ASSETCATALOG_COMPILER_APPICON_NAME = AppIcon;
				CODE_SIGN_IDENTITY = "iPhone Developer";
				"CODE_SIGN_IDENTITY[sdk=iphoneos*]" = "iPhone Developer";
				INFOPLIST_FILE = SejongCityGuide/Info.plist;
				LD_RUNPATH_SEARCH_PATHS = "$(inherited) @executable_path/Frameworks";
				ONLY_ACTIVE_ARCH = YES;
				PRODUCT_NAME = "$(TARGET_NAME)";
				PROVISIONING_PROFILE = "";
			};
			name = Release;
		};
		78A3FA031A6757A0005CFD95 /* Debug */ = {
			isa = XCBuildConfiguration;
			buildSettings = {
				BUNDLE_LOADER = "$(TEST_HOST)";
				FRAMEWORK_SEARCH_PATHS = (
					"$(SDKROOT)/Developer/Library/Frameworks",
					"$(inherited)",
				);
				GCC_PREPROCESSOR_DEFINITIONS = (
					"DEBUG=1",
					"$(inherited)",
				);
				INFOPLIST_FILE = SejongCityGuideTests/Info.plist;
				LD_RUNPATH_SEARCH_PATHS = "$(inherited) @executable_path/Frameworks @loader_path/Frameworks";
				PRODUCT_NAME = "$(TARGET_NAME)";
				TEST_HOST = "$(BUILT_PRODUCTS_DIR)/SejongCityGuide.app/SejongCityGuide";
			};
			name = Debug;
		};
		78A3FA041A6757A0005CFD95 /* Release */ = {
			isa = XCBuildConfiguration;
			buildSettings = {
				BUNDLE_LOADER = "$(TEST_HOST)";
				FRAMEWORK_SEARCH_PATHS = (
					"$(SDKROOT)/Developer/Library/Frameworks",
					"$(inherited)",
				);
				INFOPLIST_FILE = SejongCityGuideTests/Info.plist;
				LD_RUNPATH_SEARCH_PATHS = "$(inherited) @executable_path/Frameworks @loader_path/Frameworks";
				PRODUCT_NAME = "$(TARGET_NAME)";
				TEST_HOST = "$(BUILT_PRODUCTS_DIR)/SejongCityGuide.app/SejongCityGuide";
			};
			name = Release;
		};
/* End XCBuildConfiguration section */

/* Begin XCConfigurationList section */
		78A3F9D41A6757A0005CFD95 /* Build configuration list for PBXProject "SejongCityGuide" */ = {
			isa = XCConfigurationList;
			buildConfigurations = (
				78A3F9FD1A6757A0005CFD95 /* Debug */,
				78A3F9FE1A6757A0005CFD95 /* Release */,
			);
			defaultConfigurationIsVisible = 0;
			defaultConfigurationName = Release;
		};
		78A3F9FF1A6757A0005CFD95 /* Build configuration list for PBXNativeTarget "SejongCityGuide" */ = {
			isa = XCConfigurationList;
			buildConfigurations = (
				78A3FA001A6757A0005CFD95 /* Debug */,
				78A3FA011A6757A0005CFD95 /* Release */,
			);
			defaultConfigurationIsVisible = 0;
			defaultConfigurationName = Release;
		};
		78A3FA021A6757A0005CFD95 /* Build configuration list for PBXNativeTarget "SejongCityGuideTests" */ = {
			isa = XCConfigurationList;
			buildConfigurations = (
				78A3FA031A6757A0005CFD95 /* Debug */,
				78A3FA041A6757A0005CFD95 /* Release */,
			);
			defaultConfigurationIsVisible = 0;
			defaultConfigurationName = Release;
		};
/* End XCConfigurationList section */

/* Begin XCVersionGroup section */
		78A3F9E31A6757A0005CFD95 /* SejongCityGuide.xcdatamodeld */ = {
			isa = XCVersionGroup;
			children = (
				78A3F9E41A6757A0005CFD95 /* SejongCityGuide.xcdatamodel */,
			);
			currentVersion = 78A3F9E41A6757A0005CFD95 /* SejongCityGuide.xcdatamodel */;
			path = SejongCityGuide.xcdatamodeld;
			sourceTree = "<group>";
			versionGroupType = wrapper.xcdatamodel;
		};
/* End XCVersionGroup section */
	};
	rootObject = 78A3F9D11A6757A0005CFD95 /* Project object */;
}
